{
  "meteor": {},
  "dependencies": {
    "basePackages": {
      "velocity": {},
      "selenium-nightwatch": {}
    },
    "packages": {
      "velocity": {
        "git": "https://github.com/xolvio/velocity.git",
        "tag": "v0.1.19",
        "commit": "5ccde8b9a72d8291f22fea9393821142d19a6d0a"
      },
      "selenium-nightwatch": {
        "git": "https://github.com/awatson1978/selenium-nightwatch.git",
        "tag": "v0.3.5",
        "commit": "c0fa2e24ea1fb71465c6081070193a2775e6942a"
      }
    }
  }
}
