{
  "meteor": {},
  "dependencies": {
    "basePackages": {
      "velocity": {},
      "selenium-nightwatch": {}
    },
    "packages": {
      "velocity": {
        "git": "https://github.com/xolvio/velocity.git",
        "tag": "v0.1.18",
        "commit": "1958c117417e832c3e9025088cca845b4a82728f"
      },
      "selenium-nightwatch": {
        "git": "https://github.com/awatson1978/selenium-nightwatch.git",
        "tag": "v0.3.5",
        "commit": "c0fa2e24ea1fb71465c6081070193a2775e6942a"
      }
    }
  }
}
