{
  "meteor": {},
  "dependencies": {
    "basePackages": {
      "notifications": {}
    },
    "packages": {
      "notifications": {
        "git": "https://github.com/gfk-ba/meteor-notifications.git",
        "tag": "v0.4.7",
        "commit": "7aec8de53bfea789b99642bae1435de0ab31b17e"
      }
    }
  }
}
